
Microsoft Visual Studio Solution File, Format Version 12.00
# Visual Studio 15
Project("{FAE04EC0-301F-11D3-BF4B-00C04F79EFBC}") = "Assembly-CSharp", "Assembly-CSharp.csproj", "{7F0D5181-7716-6FFA-2854-FBB4E979A7DA}"
EndProject
Project("{FAE04EC0-301F-11D3-BF4B-00C04F79EFBC}") = "OccaSoftware.Crosshairs.Editor", "OccaSoftware.Crosshairs.Editor.csproj", "{36CDE58C-3053-F7F3-D3F0-1F41E7D8E166}"
EndProject
Project("{FAE04EC0-301F-11D3-BF4B-00C04F79EFBC}") = "Assembly-CSharp-Editor", "Assembly-CSharp-Editor.csproj", "{F6A2E142-C42A-EF9C-D4AE-4FCF9C1721E1}"
EndProject
Global
	GlobalSection(SolutionConfigurationPlatforms) = preSolution
		Debug|Any CPU = Debug|Any CPU
		Release|Any CPU = Release|Any CPU
	EndGlobalSection
	GlobalSection(ProjectConfigurationPlatforms) = postSolution
		{7F0D5181-7716-6FFA-2854-FBB4E979A7DA}.Debug|Any CPU.ActiveCfg = Debug|Any CPU
		{7F0D5181-7716-6FFA-2854-FBB4E979A7DA}.Debug|Any CPU.Build.0 = Debug|Any CPU
		{7F0D5181-7716-6FFA-2854-FBB4E979A7DA}.Release|Any CPU.ActiveCfg = Release|Any CPU
		{7F0D5181-7716-6FFA-2854-FBB4E979A7DA}.Release|Any CPU.Build.0 = Release|Any CPU
		{36CDE58C-3053-F7F3-D3F0-1F41E7D8E166}.Debug|Any CPU.ActiveCfg = Debug|Any CPU
		{36CDE58C-3053-F7F3-D3F0-1F41E7D8E166}.Debug|Any CPU.Build.0 = Debug|Any CPU
		{36CDE58C-3053-F7F3-D3F0-1F41E7D8E166}.Release|Any CPU.ActiveCfg = Release|Any CPU
		{36CDE58C-3053-F7F3-D3F0-1F41E7D8E166}.Release|Any CPU.Build.0 = Release|Any CPU
		{F6A2E142-C42A-EF9C-D4AE-4FCF9C1721E1}.Debug|Any CPU.ActiveCfg = Debug|Any CPU
		{F6A2E142-C42A-EF9C-D4AE-4FCF9C1721E1}.Debug|Any CPU.Build.0 = Debug|Any CPU
		{F6A2E142-C42A-EF9C-D4AE-4FCF9C1721E1}.Release|Any CPU.ActiveCfg = Release|Any CPU
		{F6A2E142-C42A-EF9C-D4AE-4FCF9C1721E1}.Release|Any CPU.Build.0 = Release|Any CPU
	EndGlobalSection
	GlobalSection(SolutionProperties) = preSolution
		HideSolutionNode = FALSE
	EndGlobalSection
EndGlobal
